
Microsoft Visual Studio Solution File, Format Version 12.00
# Visual Studio Version 17
VisualStudioVersion = 17.4.33205.214
MinimumVisualStudioVersion = 10.0.40219.1
Project("{9A19103F-16F7-4668-BE54-9A1E7A4F7556}") = "testeSelenium", "testeSelenium.csproj", "{3A14B4D2-7A20-497E-A8A5-BB0ECB0339CB}"
EndProject
Global
	GlobalSection(SolutionConfigurationPlatforms) = preSolution
		Debug|Any CPU = Debug|Any CPU
		Release|Any CPU = Release|Any CPU
	EndGlobalSection
	GlobalSection(ProjectConfigurationPlatforms) = postSolution
		{3A14B4D2-7A20-497E-A8A5-BB0ECB0339CB}.Debug|Any CPU.ActiveCfg = Debug|Any CPU
		{3A14B4D2-7A20-497E-A8A5-BB0ECB0339CB}.Debug|Any CPU.Build.0 = Debug|Any CPU
		{3A14B4D2-7A20-497E-A8A5-BB0ECB0339CB}.Release|Any CPU.ActiveCfg = Release|Any CPU
		{3A14B4D2-7A20-497E-A8A5-BB0ECB0339CB}.Release|Any CPU.Build.0 = Release|Any CPU
	EndGlobalSection
	GlobalSection(SolutionProperties) = preSolution
		HideSolutionNode = FALSE
	EndGlobalSection
	GlobalSection(ExtensibilityGlobals) = postSolution
		SolutionGuid = {2D644E9A-C4BC-4393-BA69-1978B324EA91}
	EndGlobalSection
EndGlobal
